{
    "_readme": [
        "This file locks the dependencies of your project to a known state",
        "Read more about it at https://getcomposer.org/doc/01-basic-usage.md#composer-lock-the-lock-file",
        "This file is @generated automatically"
    ],
    "hash": "b8d60e1af537746c5b605a9233e78ec3",
    "packages": [
        {
            "name": "bower-asset/angular",
            "version": "v1.3.10",
            "source": {
                "type": "git",
                "url": "https://github.com/angular/bower-angular.git",
                "reference": "ecf0435da949836c63ebf048ea8b7710542e33ce"
            },
            "dist": {
                "type": "zip",
                "url": "https://api.github.com/repos/angular/bower-angular/zipball/ecf0435da949836c63ebf048ea8b7710542e33ce",
                "reference": "ecf0435da949836c63ebf048ea8b7710542e33ce",
                "shasum": ""
            },
            "type": "bower-asset-library",
            "extra": {
                "bower-asset-main": "./angular.js",
                "bower-asset-ignore": []
            }
        },
        {
            "name": "bower-asset/angular-dragdrop",
            "version": "v1.0.11",
            "source": {
                "type": "git",
                "url": "https://github.com/codef0rmer/angular-dragdrop.git",
                "reference": "59e5889ce3af27d3c236c3b0bc107ac5ae9fdd9d"
            },
            "dist": {
                "type": "zip",
                "url": "https://api.github.com/repos/codef0rmer/angular-dragdrop/zipball/59e5889ce3af27d3c236c3b0bc107ac5ae9fdd9d",
                "reference": "59e5889ce3af27d3c236c3b0bc107ac5ae9fdd9d",
                "shasum": ""
            },
            "require": {
                "bower-asset/angular": "~1.0",
                "bower-asset/jquery-ui": "dev-default|*"
            },
            "require-dev": {
                "bower-asset/angular-mocks": "~1.0",
                "bower-asset/angular-ui-bootstrap-bower": "~0.12.0"
            },
            "type": "bower-asset-library",
            "extra": {
                "bower-asset-main": "./src/angular-dragdrop.js",
                "bower-asset-ignore": [
                    "**/.*",
                    "node_modules",
                    "components",
                    "test*",
                    "demo*",
                    "gruntFile.js",
                    "package.json"
                ]
            },
            "license": [
                "MIT"
            ],
            "description": "This directive allows you to use jQuery UI's draggable and droppable plugins with AngularJS."
        },
        {
            "name": "bower-asset/angular-i18n",
            "version": "v1.3.10",
            "source": {
                "type": "git",
                "url": "https://github.com/angular/bower-angular-i18n.git",
                "reference": "d15f1f3ae425bdc7d31fcedcffa50519f3f21b15"
            },
            "dist": {
                "type": "zip",
                "url": "https://api.github.com/repos/angular/bower-angular-i18n/zipball/d15f1f3ae425bdc7d31fcedcffa50519f3f21b15",
                "reference": "d15f1f3ae425bdc7d31fcedcffa50519f3f21b15",
                "shasum": ""
            },
            "type": "bower-asset-library",
            "extra": {
                "bower-asset-ignore": [
                    "**/.*",
                    "node_modules",
                    "components"
                ]
            }
        },
        {
            "name": "bower-asset/angular-loading-bar",
            "version": "0.8.0",
            "source": {
                "type": "git",
                "url": "https://github.com/chieffancypants/angular-loading-bar.git",
                "reference": "2582b44eca8c515635d1f667842a0e5b79fab405"
            },
            "dist": {
                "type": "zip",
                "url": "https://api.github.com/repos/chieffancypants/angular-loading-bar/zipball/2582b44eca8c515635d1f667842a0e5b79fab405",
                "reference": "2582b44eca8c515635d1f667842a0e5b79fab405",
                "shasum": ""
            },
            "require": {
                "bower-asset/angular": ">=1.2.9,<2.0.0"
            },
            "require-dev": {
                "bower-asset/angular": "~1.2.23",
                "bower-asset/angular-1.3": "1.3",
                "bower-asset/angular-animate": "~1.2.9",
                "bower-asset/angular-animate-1.3": "1.3",
                "bower-asset/angular-mocks": "~1.2.9",
                "bower-asset/angular-mocks-1.3": "1.3"
            },
            "type": "bower-asset-library",
            "extra": {
                "bower-asset-main": [
                    "build/loading-bar.js",
                    "build/loading-bar.css"
                ],
                "bower-asset-ignore": [
                    "**/.*",
                    "node_modules",
                    "components",
                    "test",
                    "example"
                ]
            }
        },
        {
            "name": "bower-asset/angular-resource",
            "version": "v1.3.10",
            "source": {
                "type": "git",
                "url": "https://github.com/angular/bower-angular-resource.git",
                "reference": "6364e8feb985d5fb0016c7eafa5bbfa5e722fb9a"
            },
            "dist": {
                "type": "zip",
                "url": "https://api.github.com/repos/angular/bower-angular-resource/zipball/6364e8feb985d5fb0016c7eafa5bbfa5e722fb9a",
                "reference": "6364e8feb985d5fb0016c7eafa5bbfa5e722fb9a",
                "shasum": ""
            },
            "require": {
                "bower-asset/angular": "1.3.10"
            },
            "type": "bower-asset-library",
            "extra": {
                "bower-asset-main": "./angular-resource.js",
                "bower-asset-ignore": []
            }
        },
        {
            "name": "bower-asset/angular-slugify",
            "version": "dev-master",
            "source": {
                "type": "git",
                "url": "https://github.com/paulsmith/angular-slugify.git",
                "reference": "a0f0991b95a3fdafdd142cff0863b623628e4ebe"
            },
            "dist": {
                "type": "zip",
                "url": "https://api.github.com/repos/paulsmith/angular-slugify/zipball/a0f0991b95a3fdafdd142cff0863b623628e4ebe",
                "reference": "a0f0991b95a3fdafdd142cff0863b623628e4ebe",
                "shasum": ""
            },
            "require": {
                "bower-asset/angular": ">=1.0.7"
            },
            "type": "bower-asset-library",
            "extra": {
                "bower-asset-main": "./angular-slugify.js",
                "branch-alias": {
                    "dev-master": "1.0.1-dev"
                }
            },
            "time": "2015-03-04 05:46:11"
        },
        {
            "name": "bower-asset/angular-ui-router",
            "version": "0.2.15",
            "source": {
                "type": "git",
                "url": "https://github.com/angular-ui/ui-router.git",
                "reference": "805e69bae319e922e4d3265b7ef565058aaff850"
            },
            "dist": {
                "type": "zip",
                "url": "https://api.github.com/repos/angular-ui/ui-router/zipball/805e69bae319e922e4d3265b7ef565058aaff850",
                "reference": "805e69bae319e922e4d3265b7ef565058aaff850",
                "shasum": ""
            },
            "require": {
                "bower-asset/angular": ">=1.0.8"
            },
            "type": "bower-asset-library",
            "extra": {
                "bower-asset-main": "./release/angular-ui-router.js",
                "bower-asset-ignore": [
                    "**/.*",
                    "node_modules",
                    "bower_components",
                    "component.json",
                    "package.json",
                    "lib",
                    "config",
                    "sample",
                    "test",
                    "tests",
                    "ngdoc_assets",
                    "Gruntfile.js",
                    "files.js"
                ]
            }
        },
        {
            "name": "bower-asset/bootstrap",
            "version": "v3.3.5",
            "source": {
                "type": "git",
                "url": "https://github.com/twbs/bootstrap.git",
                "reference": "16b48259a62f576e52c903c476bd42b90ab22482"
            },
            "dist": {
                "type": "zip",
                "url": "https://api.github.com/repos/twbs/bootstrap/zipball/16b48259a62f576e52c903c476bd42b90ab22482",
                "reference": "16b48259a62f576e52c903c476bd42b90ab22482",
                "shasum": ""
            },
            "require": {
                "bower-asset/jquery": ">=1.9.1"
            },
            "type": "bower-asset-library",
            "extra": {
                "bower-asset-main": [
                    "less/bootstrap.less",
                    "dist/js/bootstrap.js"
                ],
                "bower-asset-ignore": [
                    "/.*",
                    "_config.yml",
                    "CNAME",
                    "composer.json",
                    "CONTRIBUTING.md",
                    "docs",
                    "js/tests",
                    "test-infra"
                ]
            },
            "license": [
                "MIT"
            ],
            "description": "The most popular front-end framework for developing responsive, mobile first projects on the web.",
            "keywords": [
                "css",
                "framework",
                "front-end",
                "js",
                "less",
                "mobile-first",
                "responsive",
                "web"
            ]
        },
        {
            "name": "bower-asset/jquery",
            "version": "2.1.4",
            "source": {
                "type": "git",
                "url": "https://github.com/jquery/jquery.git",
                "reference": "7751e69b615c6eca6f783a81e292a55725af6b85"
            },
            "dist": {
                "type": "zip",
                "url": "https://api.github.com/repos/jquery/jquery/zipball/7751e69b615c6eca6f783a81e292a55725af6b85",
                "reference": "7751e69b615c6eca6f783a81e292a55725af6b85",
                "shasum": ""
            },
            "require-dev": {
                "bower-asset/qunit": "1.14.0",
                "bower-asset/requirejs": "2.1.10",
                "bower-asset/sinon": "1.8.1",
                "bower-asset/sizzle": "2.1.1-patch2"
            },
            "type": "bower-asset-library",
            "extra": {
                "bower-asset-main": "dist/jquery.js",
                "bower-asset-ignore": [
                    "**/.*",
                    "build",
                    "dist/cdn",
                    "speed",
                    "test",
                    "*.md",
                    "AUTHORS.txt",
                    "Gruntfile.js",
                    "package.json"
                ]
            },
            "license": [
                "MIT"
            ],
            "keywords": [
                "javascript",
                "jquery",
                "library"
            ]
        },
        {
            "name": "bower-asset/jquery-ui",
            "version": "1.11.4",
            "source": {
                "type": "git",
                "url": "https://github.com/components/jqueryui.git",
                "reference": "c34f8dbf3ba57b3784b93f26119f436c0e8288e1"
            },
            "dist": {
                "type": "zip",
                "url": "https://api.github.com/repos/components/jqueryui/zipball/c34f8dbf3ba57b3784b93f26119f436c0e8288e1",
                "reference": "c34f8dbf3ba57b3784b93f26119f436c0e8288e1",
                "shasum": ""
            },
            "require": {
                "bower-asset/jquery": ">=1.6"
            },
            "type": "bower-asset-library",
            "extra": {
                "bower-asset-main": [
                    "jquery-ui.js"
                ],
                "bower-asset-ignore": []
            }
        },
        {
            "name": "bower-asset/jquery.inputmask",
            "version": "3.1.63",
            "source": {
                "type": "git",
                "url": "https://github.com/RobinHerbots/jquery.inputmask.git",
                "reference": "c40c7287eadc31e341ebbf0c02352eb55b9cbc48"
            },
            "dist": {
                "type": "zip",
                "url": "https://api.github.com/repos/RobinHerbots/jquery.inputmask/zipball/c40c7287eadc31e341ebbf0c02352eb55b9cbc48",
                "reference": "c40c7287eadc31e341ebbf0c02352eb55b9cbc48",
                "shasum": ""
            },
            "require": {
                "bower-asset/jquery": ">=1.7"
            },
            "type": "bower-asset-library",
            "extra": {
                "bower-asset-main": [
                    "./dist/inputmask/jquery.inputmask.js",
                    "./dist/inputmask/jquery.inputmask.extensions.js",
                    "./dist/inputmask/jquery.inputmask.date.extensions.js",
                    "./dist/inputmask/jquery.inputmask.numeric.extensions.js",
                    "./dist/inputmask/jquery.inputmask.phone.extensions.js",
                    "./dist/inputmask/jquery.inputmask.regex.extensions.js"
                ],
                "bower-asset-ignore": [
                    "**/.*",
                    "qunit/",
                    "nuget/",
                    "tools/",
                    "js/",
                    "*.md",
                    "build.properties",
                    "build.xml",
                    "jquery.inputmask.jquery.json"
                ]
            },
            "license": [
                "http://opensource.org/licenses/mit-license.php"
            ],
            "description": "jquery.inputmask is a jquery plugin which create an input mask.",
            "keywords": [
                "form",
                "input",
                "inputmask",
                "jquery",
                "mask",
                "plugins"
            ]
        },
        {
            "name": "bower-asset/ng-file-upload",
            "version": "5.0.9",
            "source": {
                "type": "git",
                "url": "https://github.com/danialfarid/ng-file-upload-bower.git",
                "reference": "87ec6917d5ec19f38d7ead3cfe393c33088c61de"
            },
            "dist": {
                "type": "zip",
                "url": "https://api.github.com/repos/danialfarid/ng-file-upload-bower/zipball/87ec6917d5ec19f38d7ead3cfe393c33088c61de",
                "reference": "87ec6917d5ec19f38d7ead3cfe393c33088c61de",
                "shasum": ""
            },
            "type": "bower-asset-library",
            "extra": {
                "bower-asset-main": "ng-file-upload.js",
                "bower-asset-ignore": []
            },
            "license": [
                "MIT"
            ],
            "description": "Lightweight Angular JS directive to upload files. Support drag&drop, progress and abort"
        },
        {
            "name": "bower-asset/ng-wig",
            "version": "v1.1.9",
            "source": {
                "type": "git",
                "url": "https://github.com/stevermeister/ngWig.git",
                "reference": "722972243b65e9d8ee18fcf4230944340c3a9ddd"
            },
            "dist": {
                "type": "zip",
                "url": "https://api.github.com/repos/stevermeister/ngWig/zipball/722972243b65e9d8ee18fcf4230944340c3a9ddd",
                "reference": "722972243b65e9d8ee18fcf4230944340c3a9ddd",
                "shasum": ""
            },
            "require-dev": {
                "bower-asset/angular": "~1.2.16"
            },
            "type": "bower-asset-library",
            "extra": {
                "bower-asset-main": [
                    "dist/ng-wig.js",
                    "dist/css/ng-wig.css"
                ],
                "bower-asset-ignore": [
                    "node_modules",
                    "bower_components"
                ]
            },
            "license": [
                "MIT"
            ],
            "description": "Small AngularJS WYSIWYG editor component",
            "keywords": [
                "angular",
                "editor",
                "wysiwyg"
            ]
        },
        {
            "name": "bower-asset/punycode",
            "version": "v1.3.2",
            "source": {
                "type": "git",
                "url": "https://github.com/bestiejs/punycode.js.git",
                "reference": "38c8d3131a82567bfef18da09f7f4db68c84f8a3"
            },
            "dist": {
                "type": "zip",
                "url": "https://api.github.com/repos/bestiejs/punycode.js/zipball/38c8d3131a82567bfef18da09f7f4db68c84f8a3",
                "reference": "38c8d3131a82567bfef18da09f7f4db68c84f8a3",
                "shasum": ""
            },
            "type": "bower-asset-library",
            "extra": {
                "bower-asset-main": "punycode.js",
                "bower-asset-ignore": [
                    "coverage",
                    "tests",
                    ".*",
                    "component.json",
                    "Gruntfile.js",
                    "node_modules",
                    "package.json"
                ]
            }
        },
        {
            "name": "bower-asset/twig.js",
            "version": "0.7.2",
            "source": {
                "type": "git",
                "url": "https://github.com/justjohn/twig.js.git",
                "reference": "551d31426b7375fa3bb392ebb28beaa29125abcf"
            },
            "dist": {
                "type": "zip",
                "url": "https://api.github.com/repos/justjohn/twig.js/zipball/551d31426b7375fa3bb392ebb28beaa29125abcf",
                "reference": "551d31426b7375fa3bb392ebb28beaa29125abcf",
                "shasum": ""
            },
            "type": "bower-asset-library",
            "extra": {
                "bower-asset-main": "twig.min.js",
                "bower-asset-ignore": [
                    "Makefile",
                    "src",
                    "demos",
                    "bin",
                    "lib",
                    "**/.*",
                    "node_modules",
                    "bower_components",
                    "test",
                    "test-ext"
                ]
            },
            "license": [
                "BSD 2-Clause"
            ],
            "description": "JS implementation of the Twig templating language.",
            "keywords": [
                "engine",
                "template",
                "twig"
            ]
        },
        {
            "name": "bower-asset/yii2-pjax",
            "version": "dev-master",
            "source": {
                "type": "git",
                "url": "https://github.com/yiisoft/jquery-pjax.git",
                "reference": "3f20897307cca046fca5323b318475ae9dac0ca0"
            },
            "dist": {
                "type": "zip",
                "url": "https://api.github.com/repos/yiisoft/jquery-pjax/zipball/3f20897307cca046fca5323b318475ae9dac0ca0",
                "reference": "3f20897307cca046fca5323b318475ae9dac0ca0",
                "shasum": ""
            },
            "require": {
                "bower-asset/jquery": ">=1.8"
            },
            "type": "bower-asset-library",
            "extra": {
                "bower-asset-main": "./jquery.pjax.js",
                "bower-asset-ignore": [
                    ".travis.yml",
                    "Gemfile",
                    "Gemfile.lock",
                    "vendor/",
                    "script/",
                    "test/"
                ],
                "branch-alias": {
                    "dev-master": "2.0.3-dev"
                }
            },
            "license": [
                "MIT"
            ],
            "time": "2015-03-08 21:03:11"
        },
        {
            "name": "cebe/markdown",
            "version": "dev-master",
            "source": {
                "type": "git",
                "url": "https://github.com/cebe/markdown.git",
                "reference": "e14d3da8f84eefa3792fd22b5b5ecba9c98d2e18"
            },
            "dist": {
                "type": "zip",
                "url": "https://api.github.com/repos/cebe/markdown/zipball/e14d3da8f84eefa3792fd22b5b5ecba9c98d2e18",
                "reference": "e14d3da8f84eefa3792fd22b5b5ecba9c98d2e18",
                "shasum": ""
            },
            "require": {
                "lib-pcre": "*",
                "php": ">=5.4.0"
            },
            "require-dev": {
                "cebe/indent": "*",
                "facebook/xhprof": "*@dev",
                "phpunit/phpunit": "4.1.*"
            },
            "bin": [
                "bin/markdown"
            ],
            "type": "library",
            "extra": {
                "branch-alias": {
                    "dev-master": "1.1.x-dev"
                }
            },
            "autoload": {
                "psr-4": {
                    "cebe\\markdown\\": ""
                }
            },
            "notification-url": "https://packagist.org/downloads/",
            "license": [
                "MIT"
            ],
            "authors": [
                {
                    "name": "Carsten Brandt",
                    "email": "mail@cebe.cc",
                    "homepage": "http://cebe.cc/",
                    "role": "Creator"
                }
            ],
            "description": "A super fast, highly extensible markdown parser for PHP",
            "homepage": "https://github.com/cebe/markdown#readme",
            "keywords": [
                "extensible",
                "fast",
                "gfm",
                "markdown",
                "markdown-extra"
            ],
            "time": "2015-03-20 11:07:08"
        },
        {
            "name": "curl/curl",
            "version": "1.2.0",
            "source": {
                "type": "git",
                "url": "https://github.com/php-mod/curl.git",
                "reference": "abf20039c84291b5399502c9ecff77a1cda3848e"
            },
            "dist": {
                "type": "zip",
                "url": "https://api.github.com/repos/php-mod/curl/zipball/abf20039c84291b5399502c9ecff77a1cda3848e",
                "reference": "abf20039c84291b5399502c9ecff77a1cda3848e",
                "shasum": ""
            },
            "require": {
                "ext-curl": "*",
                "php": ">=5.3.0"
            },
            "require-dev": {
                "phpunit/phpunit": "3.7.*"
            },
            "type": "library",
            "autoload": {
                "psr-0": {
                    "Curl": "src/"
                }
            },
            "notification-url": "https://packagist.org/downloads/",
            "license": [
                "MIT"
            ],
            "authors": [
                {
                    "name": "Hassan Amouhzi",
                    "email": "hassan@anezi.net",
                    "homepage": "http://hassan.amouhzi.com"
                },
                {
                    "name": "php-curl-class",
                    "homepage": "https://github.com/php-curl-class"
                },
                {
                    "name": "user52",
                    "homepage": "https://github.com/user52"
                }
            ],
            "description": "cURL class for PHP",
            "homepage": "https://github.com/php-mod/curl",
            "keywords": [
                "curl",
                "dot"
            ],
            "time": "2014-12-11 16:11:01"
        },
        {
            "name": "ezyang/htmlpurifier",
            "version": "v4.6.0",
            "source": {
                "type": "git",
                "url": "https://github.com/ezyang/htmlpurifier.git",
                "reference": "6f389f0f25b90d0b495308efcfa073981177f0fd"
            },
            "dist": {
                "type": "zip",
                "url": "https://api.github.com/repos/ezyang/htmlpurifier/zipball/6f389f0f25b90d0b495308efcfa073981177f0fd",
                "reference": "6f389f0f25b90d0b495308efcfa073981177f0fd",
                "shasum": ""
            },
            "require": {
                "php": ">=5.2"
            },
            "type": "library",
            "autoload": {
                "psr-0": {
                    "HTMLPurifier": "library/"
                },
                "files": [
                    "library/HTMLPurifier.composer.php"
                ]
            },
            "notification-url": "https://packagist.org/downloads/",
            "license": [
                "LGPL"
            ],
            "authors": [
                {
                    "name": "Edward Z. Yang",
                    "email": "admin@htmlpurifier.org",
                    "homepage": "http://ezyang.com"
                }
            ],
            "description": "Standards compliant HTML filter written in PHP",
            "homepage": "http://htmlpurifier.org/",
            "keywords": [
                "html"
            ],
            "time": "2013-11-30 08:25:19"
        },
        {
            "name": "imagine/imagine",
            "version": "0.5.x-dev",
            "source": {
                "type": "git",
                "url": "https://github.com/avalanche123/Imagine.git",
                "reference": "343580fceed1f89220481ac98480e92f47d91e6c"
            },
            "dist": {
                "type": "zip",
                "url": "https://api.github.com/repos/avalanche123/Imagine/zipball/343580fceed1f89220481ac98480e92f47d91e6c",
                "reference": "343580fceed1f89220481ac98480e92f47d91e6c",
                "shasum": ""
            },
            "require": {
                "php": ">=5.3.2"
            },
            "require-dev": {
                "sami/sami": "dev-master"
            },
            "suggest": {
                "ext-gd": "to use the GD implementation",
                "ext-gmagick": "to use the Gmagick implementation",
                "ext-imagick": "to use the Imagick implementation"
            },
            "type": "library",
            "extra": {
                "branch-alias": {
                    "dev-develop": "0.5-dev"
                }
            },
            "autoload": {
                "psr-0": {
                    "Imagine": "lib/"
                }
            },
            "notification-url": "https://packagist.org/downloads/",
            "license": [
                "MIT"
            ],
            "authors": [
                {
                    "name": "Bulat Shakirzyanov",
                    "email": "mallluhuct@gmail.com",
                    "homepage": "http://avalanche123.com"
                }
            ],
            "description": "Image processing for PHP 5.3",
            "homepage": "http://imagine.readthedocs.org/",
            "keywords": [
                "drawing",
                "graphics",
                "image manipulation",
                "image processing"
            ],
            "time": "2014-06-13 10:54:04"
        },
        {
            "name": "phpmailer/phpmailer",
            "version": "v5.2.10",
            "source": {
                "type": "git",
                "url": "https://github.com/PHPMailer/PHPMailer.git",
                "reference": "07005ecbb80d11ec8c0f067bb37e8909cc7fcbb7"
            },
            "dist": {
                "type": "zip",
                "url": "https://api.github.com/repos/PHPMailer/PHPMailer/zipball/07005ecbb80d11ec8c0f067bb37e8909cc7fcbb7",
                "reference": "07005ecbb80d11ec8c0f067bb37e8909cc7fcbb7",
                "shasum": ""
            },
            "require": {
                "php": ">=5.0.0"
            },
            "require-dev": {
                "phpdocumentor/phpdocumentor": "*",
                "phpunit/phpunit": "4.3.*"
            },
            "type": "library",
            "autoload": {
                "classmap": [
                    "class.phpmailer.php",
                    "class.smtp.php",
                    "class.pop3.php",
                    "extras/EasyPeasyICS.php",
                    "extras/ntlm_sasl_client.php"
                ]
            },
            "notification-url": "https://packagist.org/downloads/",
            "license": [
                "LGPL-2.1"
            ],
            "authors": [
                {
                    "name": "Jim Jagielski",
                    "email": "jimjag@gmail.com"
                },
                {
                    "name": "Marcus Bointon",
                    "email": "phpmailer@synchromedia.co.uk"
                },
                {
                    "name": "Andy Prevost",
                    "email": "codeworxtech@users.sourceforge.net"
                },
                {
                    "name": "Brent R. Matzelle"
                }
            ],
            "description": "PHPMailer is a full-featured email creation and transfer class for PHP",
            "time": "2015-05-04 12:37:21"
        },
        {
            "name": "twig/twig",
            "version": "v1.18.2",
            "source": {
                "type": "git",
                "url": "https://github.com/twigphp/Twig.git",
                "reference": "e8e6575abf6102af53ec283f7f14b89e304fa602"
            },
            "dist": {
                "type": "zip",
                "url": "https://api.github.com/repos/twigphp/Twig/zipball/e8e6575abf6102af53ec283f7f14b89e304fa602",
                "reference": "e8e6575abf6102af53ec283f7f14b89e304fa602",
                "shasum": ""
            },
            "require": {
                "php": ">=5.2.7"
            },
            "type": "library",
            "extra": {
                "branch-alias": {
                    "dev-master": "1.18-dev"
                }
            },
            "autoload": {
                "psr-0": {
                    "Twig_": "lib/"
                }
            },
            "notification-url": "https://packagist.org/downloads/",
            "license": [
                "BSD-3-Clause"
            ],
            "authors": [
                {
                    "name": "Fabien Potencier",
                    "email": "fabien@symfony.com",
                    "homepage": "http://fabien.potencier.org",
                    "role": "Lead Developer"
                },
                {
                    "name": "Armin Ronacher",
                    "email": "armin.ronacher@active-4.com",
                    "role": "Project Founder"
                },
                {
                    "name": "Twig Team",
                    "homepage": "http://twig.sensiolabs.org/contributors",
                    "role": "Contributors"
                }
            ],
            "description": "Twig, the flexible, fast, and secure template language for PHP",
            "homepage": "http://twig.sensiolabs.org",
            "keywords": [
                "templating"
            ],
            "time": "2015-06-06 23:31:24"
        },
        {
            "name": "yiisoft/yii2",
            "version": "2.0.5",
            "source": {
                "type": "git",
                "url": "https://github.com/yiisoft/yii2-framework.git",
                "reference": "ea8c13b9f5cd437bd7bf73cad8a3457a155f3727"
            },
            "dist": {
                "type": "zip",
                "url": "https://api.github.com/repos/yiisoft/yii2-framework/zipball/ea8c13b9f5cd437bd7bf73cad8a3457a155f3727",
                "reference": "ea8c13b9f5cd437bd7bf73cad8a3457a155f3727",
                "shasum": ""
            },
            "require": {
                "bower-asset/jquery": "2.1.*@stable | 1.11.*@stable",
                "bower-asset/jquery.inputmask": "3.1.*",
                "bower-asset/punycode": "1.3.*",
                "bower-asset/yii2-pjax": ">=2.0.1",
                "cebe/markdown": "~1.0.0 | ~1.1.0",
                "ext-mbstring": "*",
                "ezyang/htmlpurifier": "4.6.*",
                "lib-pcre": "*",
                "php": ">=5.4.0",
                "yiisoft/yii2-composer": "*"
            },
            "bin": [
                "yii"
            ],
            "type": "library",
            "extra": {
                "branch-alias": {
                    "dev-master": "2.0.x-dev"
                }
            },
            "autoload": {
                "psr-4": {
                    "yii\\": ""
                }
            },
            "notification-url": "https://packagist.org/downloads/",
            "license": [
                "BSD-3-Clause"
            ],
            "authors": [
                {
                    "name": "Qiang Xue",
                    "email": "qiang.xue@gmail.com",
                    "homepage": "http://www.yiiframework.com/",
                    "role": "Founder and project lead"
                },
                {
                    "name": "Alexander Makarov",
                    "email": "sam@rmcreative.ru",
                    "homepage": "http://rmcreative.ru/",
                    "role": "Core framework development"
                },
                {
                    "name": "Maurizio Domba",
                    "homepage": "http://mdomba.info/",
                    "role": "Core framework development"
                },
                {
                    "name": "Carsten Brandt",
                    "email": "mail@cebe.cc",
                    "homepage": "http://cebe.cc/",
                    "role": "Core framework development"
                },
                {
                    "name": "Timur Ruziev",
                    "email": "resurtm@gmail.com",
                    "homepage": "http://resurtm.com/",
                    "role": "Core framework development"
                },
                {
                    "name": "Paul Klimov",
                    "email": "klimov.paul@gmail.com",
                    "role": "Core framework development"
                }
            ],
            "description": "Yii PHP Framework Version 2",
            "homepage": "http://www.yiiframework.com/",
            "keywords": [
                "framework",
                "yii2"
            ],
            "time": "2015-07-11 02:37:59"
        },
        {
            "name": "yiisoft/yii2-bootstrap",
            "version": "2.0.4",
            "source": {
                "type": "git",
                "url": "https://github.com/yiisoft/yii2-bootstrap.git",
                "reference": "1b6b1e61cf91c3cdd517d6a7e71d30bb212e4af0"
            },
            "dist": {
                "type": "zip",
                "url": "https://api.github.com/repos/yiisoft/yii2-bootstrap/zipball/1b6b1e61cf91c3cdd517d6a7e71d30bb212e4af0",
                "reference": "1b6b1e61cf91c3cdd517d6a7e71d30bb212e4af0",
                "shasum": ""
            },
            "require": {
                "bower-asset/bootstrap": "3.3.* | 3.2.* | 3.1.*",
                "yiisoft/yii2": ">=2.0.4"
            },
            "type": "yii2-extension",
            "extra": {
                "branch-alias": {
                    "dev-master": "2.0.x-dev"
                },
                "asset-installer-paths": {
                    "npm-asset-library": "vendor/npm",
                    "bower-asset-library": "vendor/bower"
                }
            },
            "autoload": {
                "psr-4": {
                    "yii\\bootstrap\\": ""
                }
            },
            "notification-url": "https://packagist.org/downloads/",
            "license": [
                "BSD-3-Clause"
            ],
            "authors": [
                {
                    "name": "Qiang Xue",
                    "email": "qiang.xue@gmail.com"
                }
            ],
            "description": "The Twitter Bootstrap extension for the Yii framework",
            "keywords": [
                "bootstrap",
                "yii2"
            ],
            "time": "2015-05-10 22:08:17"
        },
        {
            "name": "yiisoft/yii2-composer",
            "version": "dev-master",
            "source": {
                "type": "git",
                "url": "https://github.com/yiisoft/yii2-composer.git",
                "reference": "6b2a2b3bb83d4b3dd791f76e64c48973ce01bac6"
            },
            "dist": {
                "type": "zip",
                "url": "https://api.github.com/repos/yiisoft/yii2-composer/zipball/6b2a2b3bb83d4b3dd791f76e64c48973ce01bac6",
                "reference": "6b2a2b3bb83d4b3dd791f76e64c48973ce01bac6",
                "shasum": ""
            },
            "require": {
                "composer-plugin-api": "^1.0"
            },
            "type": "composer-plugin",
            "extra": {
                "class": "yii\\composer\\Plugin",
                "branch-alias": {
                    "dev-master": "2.0.x-dev"
                }
            },
            "autoload": {
                "psr-4": {
                    "yii\\composer\\": ""
                }
            },
            "notification-url": "https://packagist.org/downloads/",
            "license": [
                "BSD-3-Clause"
            ],
            "authors": [
                {
                    "name": "Qiang Xue",
                    "email": "qiang.xue@gmail.com"
                }
            ],
            "description": "The composer plugin for Yii extension installer",
            "keywords": [
                "composer",
                "extension installer",
                "yii2"
            ],
            "time": "2015-06-11 19:55:58"
        },
        {
            "name": "yiisoft/yii2-debug",
            "version": "2.0.4",
            "source": {
                "type": "git",
                "url": "https://github.com/yiisoft/yii2-debug.git",
                "reference": "5c7081b2be71c61d3a50d978b31edc3e0b6f2f97"
            },
            "dist": {
                "type": "zip",
                "url": "https://api.github.com/repos/yiisoft/yii2-debug/zipball/5c7081b2be71c61d3a50d978b31edc3e0b6f2f97",
                "reference": "5c7081b2be71c61d3a50d978b31edc3e0b6f2f97",
                "shasum": ""
            },
            "require": {
                "yiisoft/yii2": ">=2.0.4",
                "yiisoft/yii2-bootstrap": "*"
            },
            "type": "yii2-extension",
            "extra": {
                "branch-alias": {
                    "dev-master": "2.0.x-dev"
                }
            },
            "autoload": {
                "psr-4": {
                    "yii\\debug\\": ""
                }
            },
            "notification-url": "https://packagist.org/downloads/",
            "license": [
                "BSD-3-Clause"
            ],
            "authors": [
                {
                    "name": "Qiang Xue",
                    "email": "qiang.xue@gmail.com"
                }
            ],
            "description": "The debugger extension for the Yii framework",
            "keywords": [
                "debug",
                "debugger",
                "yii2"
            ],
            "time": "2015-05-10 22:08:56"
        }
    ],
    "packages-dev": [],
    "aliases": [],
    "minimum-stability": "dev",
    "stability-flags": {
        "yiisoft/yii2": 0,
        "yiisoft/yii2-debug": 0,
        "twig/twig": 0,
        "bower-asset/jquery": 0,
        "bower-asset/jquery-ui": 0,
        "bower-asset/angular": 0,
        "bower-asset/angular-i18n": 0,
        "bower-asset/angular-resource": 0,
        "bower-asset/angular-ui-router": 0,
        "bower-asset/angular-loading-bar": 0,
        "bower-asset/angular-dragdrop": 0,
        "bower-asset/twig.js": 0,
        "phpmailer/phpmailer": 0
    },
    "prefer-stable": false,
    "prefer-lowest": false,
    "platform": {
        "ext-curl": "*"
    },
    "platform-dev": []
}
